
Microsoft Visual Studio Solution File, Format Version 12.00
# Visual Studio 2012
Project("{FAE04EC0-301F-11D3-BF4B-00C04F79EFBC}") = "practica2", "practica2\practica2.csproj", "{1A11E2F9-0513-4B6F-9DCB-B466A8E9350E}"
EndProject
Global
	GlobalSection(SolutionConfigurationPlatforms) = preSolution
		Debug|Any CPU = Debug|Any CPU
		Release|Any CPU = Release|Any CPU
	EndGlobalSection
	GlobalSection(ProjectConfigurationPlatforms) = postSolution
		{1A11E2F9-0513-4B6F-9DCB-B466A8E9350E}.Debug|Any CPU.ActiveCfg = Debug|Any CPU
		{1A11E2F9-0513-4B6F-9DCB-B466A8E9350E}.Debug|Any CPU.Build.0 = Debug|Any CPU
		{1A11E2F9-0513-4B6F-9DCB-B466A8E9350E}.Release|Any CPU.ActiveCfg = Release|Any CPU
		{1A11E2F9-0513-4B6F-9DCB-B466A8E9350E}.Release|Any CPU.Build.0 = Release|Any CPU
	EndGlobalSection
	GlobalSection(SolutionProperties) = preSolution
		HideSolutionNode = FALSE
	EndGlobalSection
EndGlobal
